
Microsoft Visual Studio Solution File, Format Version 12.00
# Visual Studio Version 16
VisualStudioVersion = 16.0.31729.503
MinimumVisualStudioVersion = 10.0.40219.1
Project("{FAE04EC0-301F-11D3-BF4B-00C04F79EFBC}") = "Assignment2_1", "Assignment2\Assignment2_1.csproj", "{8ABC2BC3-48E4-4E0F-87F6-F80C8DA6B679}"
EndProject
Project("{FAE04EC0-301F-11D3-BF4B-00C04F79EFBC}") = "Asignment2_2", "Asignment2_2\Asignment2_2.csproj", "{3E81459E-3769-4EC7-8B73-08E4F73399B2}"
EndProject
Global
	GlobalSection(SolutionConfigurationPlatforms) = preSolution
		Debug|Any CPU = Debug|Any CPU
		Release|Any CPU = Release|Any CPU
	EndGlobalSection
	GlobalSection(ProjectConfigurationPlatforms) = postSolution
		{8ABC2BC3-48E4-4E0F-87F6-F80C8DA6B679}.Debug|Any CPU.ActiveCfg = Debug|Any CPU
		{8ABC2BC3-48E4-4E0F-87F6-F80C8DA6B679}.Debug|Any CPU.Build.0 = Debug|Any CPU
		{8ABC2BC3-48E4-4E0F-87F6-F80C8DA6B679}.Release|Any CPU.ActiveCfg = Release|Any CPU
		{8ABC2BC3-48E4-4E0F-87F6-F80C8DA6B679}.Release|Any CPU.Build.0 = Release|Any CPU
		{3E81459E-3769-4EC7-8B73-08E4F73399B2}.Debug|Any CPU.ActiveCfg = Debug|Any CPU
		{3E81459E-3769-4EC7-8B73-08E4F73399B2}.Debug|Any CPU.Build.0 = Debug|Any CPU
		{3E81459E-3769-4EC7-8B73-08E4F73399B2}.Release|Any CPU.ActiveCfg = Release|Any CPU
		{3E81459E-3769-4EC7-8B73-08E4F73399B2}.Release|Any CPU.Build.0 = Release|Any CPU
	EndGlobalSection
	GlobalSection(SolutionProperties) = preSolution
		HideSolutionNode = FALSE
	EndGlobalSection
	GlobalSection(ExtensibilityGlobals) = postSolution
		SolutionGuid = {E884F21B-F4CC-4599-9247-36F7623F0F4E}
	EndGlobalSection
EndGlobal
